
Microsoft Visual Studio Solution File, Format Version 12.00
# Visual Studio Version 16
VisualStudioVersion = 16.0.29911.84
MinimumVisualStudioVersion = 10.0.40219.1
Project("{FAE04EC0-301F-11D3-BF4B-00C04F79EFBC}") = "BTL", "BTL\BTL.csproj", "{DB574164-8FA0-4F3C-BA7E-12E487A97D04}"
EndProject
Global
	GlobalSection(SolutionConfigurationPlatforms) = preSolution
		Debug|Any CPU = Debug|Any CPU
		Release|Any CPU = Release|Any CPU
	EndGlobalSection
	GlobalSection(ProjectConfigurationPlatforms) = postSolution
		{DB574164-8FA0-4F3C-BA7E-12E487A97D04}.Debug|Any CPU.ActiveCfg = Debug|Any CPU
		{DB574164-8FA0-4F3C-BA7E-12E487A97D04}.Debug|Any CPU.Build.0 = Debug|Any CPU
		{DB574164-8FA0-4F3C-BA7E-12E487A97D04}.Release|Any CPU.ActiveCfg = Release|Any CPU
		{DB574164-8FA0-4F3C-BA7E-12E487A97D04}.Release|Any CPU.Build.0 = Release|Any CPU
	EndGlobalSection
	GlobalSection(SolutionProperties) = preSolution
		HideSolutionNode = FALSE
	EndGlobalSection
	GlobalSection(ExtensibilityGlobals) = postSolution
		SolutionGuid = {81D45A2F-5534-4AE4-8872-7F9A5BF9CFE6}
	EndGlobalSection
EndGlobal
